
Microsoft Visual Studio Solution File, Format Version 12.00
# Visual Studio Version 16
VisualStudioVersion = 16.0.30907.101
MinimumVisualStudioVersion = 10.0.40219.1
Project("{FAE04EC0-301F-11D3-BF4B-00C04F79EFBC}") = "CSC-Assignment-2", "CSC-Assignment-2\CSC-Assignment-2.csproj", "{BDD09855-C035-4CE4-B8E1-859B280B5138}"
EndProject
Global
	GlobalSection(SolutionConfigurationPlatforms) = preSolution
		Debug|Any CPU = Debug|Any CPU
		Release|Any CPU = Release|Any CPU
	EndGlobalSection
	GlobalSection(ProjectConfigurationPlatforms) = postSolution
		{BDD09855-C035-4CE4-B8E1-859B280B5138}.Debug|Any CPU.ActiveCfg = Debug|Any CPU
		{BDD09855-C035-4CE4-B8E1-859B280B5138}.Debug|Any CPU.Build.0 = Debug|Any CPU
		{BDD09855-C035-4CE4-B8E1-859B280B5138}.Release|Any CPU.ActiveCfg = Release|Any CPU
		{BDD09855-C035-4CE4-B8E1-859B280B5138}.Release|Any CPU.Build.0 = Release|Any CPU
	EndGlobalSection
	GlobalSection(SolutionProperties) = preSolution
		HideSolutionNode = FALSE
	EndGlobalSection
	GlobalSection(ExtensibilityGlobals) = postSolution
		SolutionGuid = {D5A217AD-D81A-413A-AD35-CDB829ACB822}
	EndGlobalSection
EndGlobal
